
Microsoft Visual Studio Solution File, Format Version 12.00
# Visual Studio Version 17
VisualStudioVersion = 17.11.35208.52
MinimumVisualStudioVersion = 10.0.40219.1
Project("{FAE04EC0-301F-11D3-BF4B-00C04F79EFBC}") = "Project1_AdonetCustomer", "Project1_AdonetCustomer\Project1_AdonetCustomer.csproj", "{03A83C08-C8CF-453D-82D9-ED700E402D87}"
EndProject
Global
	GlobalSection(SolutionConfigurationPlatforms) = preSolution
		Debug|Any CPU = Debug|Any CPU
		Release|Any CPU = Release|Any CPU
	EndGlobalSection
	GlobalSection(ProjectConfigurationPlatforms) = postSolution
		{03A83C08-C8CF-453D-82D9-ED700E402D87}.Debug|Any CPU.ActiveCfg = Debug|Any CPU
		{03A83C08-C8CF-453D-82D9-ED700E402D87}.Debug|Any CPU.Build.0 = Debug|Any CPU
		{03A83C08-C8CF-453D-82D9-ED700E402D87}.Release|Any CPU.ActiveCfg = Release|Any CPU
		{03A83C08-C8CF-453D-82D9-ED700E402D87}.Release|Any CPU.Build.0 = Release|Any CPU
	EndGlobalSection
	GlobalSection(SolutionProperties) = preSolution
		HideSolutionNode = FALSE
	EndGlobalSection
	GlobalSection(ExtensibilityGlobals) = postSolution
		SolutionGuid = {F0BA3FD4-FBBC-482B-86A9-D4251A767CE8}
	EndGlobalSection
EndGlobal
